%{"exactor": {:package, "0.7.0"},
  "exprintf": {:package, "0.1.2"},
  "exvcr": {:package, "0.3.3"},
  "hackney": {:package, "0.13.1"},
  "hackney_lib": {:git, "https://github.com/benoitc/hackney_lib.git", "48a5a3fc64892c95e4e3efdd464f26ca5683d2f9", [tag: "0.3.0"]},
  "httpoison": {:package, "0.4.2"},
  "idna": {:package, "1.0.1"},
  "jsex": {:package, "2.0.0"},
  "jsx": {:package, "2.1.1"},
  "meck": {:git, "git://github.com/eproxus/meck.git", "3fa3e9bbebc3e65f6ceffe4800d56335e9e3ebac", []}}
