%{"exactor": {:git, "git://github.com/sasa1977/exactor.git", "f7f6bae7fead5e0e5525581d44311f803169fa4e", []},
  "exprintf": {:git, "git://github.com/parroty/exprintf.git", "ab5acce111e9f3400f036ff43ef777a652b47347", []},
  "exvcr": {:git, "git://github.com/parroty/exvcr.git", "c4f0579f0f5c50b45677ddb6bbef41c7fafc013d", []},
  "hackney": {:git, "git://github.com/benoitc/hackney.git", "cf90543f9cc21ffea34d71035521b0102b8555cf", [ref: "cf90543f9cc21ffea34d71035521b0102b8555cf"]},
  "hackney_lib": {:git, "https://github.com/benoitc/hackney_lib.git", "48a5a3fc64892c95e4e3efdd464f26ca5683d2f9", [tag: "0.3.0"]},
  "httpoison": {:git, "git://github.com/edgurgel/httpoison.git", "14ad253e8dda517bd6a2db461bcc4356ce9c7d0d", [tag: "0.1.1"]},
  "idna": {:git, "git://github.com/benoitc/erlang-idna.git", "21aa158b7f36bf2a000f12fe40d7f21eece9cf65", [tag: "hackney-0.11.2"]},
  "jsex": {:package, "2.0.0"},
  "jsx": {:package, "2.0.2"},
  "meck": {:git, "git://github.com/eproxus/meck.git", "9987eea73dab37ce014dbd4fa715a31cc07d351e", []},
  "mimetypes": {:git, "git://github.com/spawngrid/mimetypes.git", "47d37a977a7d633199822bf6b08353007483d00f", [ref: "master"]}}
